
Microsoft Visual Studio Solution File, Format Version 12.00
# Visual Studio Version 16
VisualStudioVersion = 16.0.29215.179
MinimumVisualStudioVersion = 10.0.40219.1
Project("{FAE04EC0-301F-11D3-BF4B-00C04F79EFBC}") = "PruebaGit", "PruebaGit\PruebaGit.csproj", "{59BFA86A-1E8A-4D13-9285-73DF7C5BC07C}"
EndProject
Global
	GlobalSection(SolutionConfigurationPlatforms) = preSolution
		Debug|Any CPU = Debug|Any CPU
		Release|Any CPU = Release|Any CPU
	EndGlobalSection
	GlobalSection(ProjectConfigurationPlatforms) = postSolution
		{59BFA86A-1E8A-4D13-9285-73DF7C5BC07C}.Debug|Any CPU.ActiveCfg = Debug|Any CPU
		{59BFA86A-1E8A-4D13-9285-73DF7C5BC07C}.Debug|Any CPU.Build.0 = Debug|Any CPU
		{59BFA86A-1E8A-4D13-9285-73DF7C5BC07C}.Release|Any CPU.ActiveCfg = Release|Any CPU
		{59BFA86A-1E8A-4D13-9285-73DF7C5BC07C}.Release|Any CPU.Build.0 = Release|Any CPU
	EndGlobalSection
	GlobalSection(SolutionProperties) = preSolution
		HideSolutionNode = FALSE
	EndGlobalSection
	GlobalSection(ExtensibilityGlobals) = postSolution
		SolutionGuid = {8FA536D7-CCBB-4110-A767-ADB5BCF470D8}
	EndGlobalSection
EndGlobal
